
Microsoft Visual Studio Solution File, Format Version 12.00
# Visual Studio Version 16
VisualStudioVersion = 16.0.29503.13
MinimumVisualStudioVersion = 10.0.40219.1
Project("{FAE04EC0-301F-11D3-BF4B-00C04F79EFBC}") = "Fossology.Rest.Dotnet", "Fossology.Rest.Dotnet\Fossology.Rest.Dotnet.csproj", "{510A1D9E-C531-4A0E-A516-6AA0125E4F9B}"
EndProject
Project("{FAE04EC0-301F-11D3-BF4B-00C04F79EFBC}") = "Fossology.Rest.Dotnet.Test", "Fossology.Rest.Dotnet.Test\Fossology.Rest.Dotnet.Test.csproj", "{B98E3FAC-A81E-4737-9522-E18096212B38}"
EndProject
Project("{FAE04EC0-301F-11D3-BF4B-00C04F79EFBC}") = "Fossology.Rest.Dotnet.Model", "Fossology.Rest.Dotnet.Model\Fossology.Rest.Dotnet.Model.csproj", "{396E05C3-9AD3-4D1B-8E0B-8C24C6C490EB}"
EndProject
Project("{FAE04EC0-301F-11D3-BF4B-00C04F79EFBC}") = "FossyApiDemo", "FossyApiDemo\FossyApiDemo.csproj", "{CAF41CCA-2778-4767-AB50-60205339E60B}"
EndProject
Project("{2150E333-8FDC-42A3-9474-1A3956D46DE8}") = "doc", "doc", "{66961846-D78E-4DC0-BE09-F712FC21EA09}"
	ProjectSection(SolutionItems) = preProject
		ChangeLog.md = ChangeLog.md
		LICENSE = LICENSE
		Readme.md = Readme.md
	EndProjectSection
EndProject
Project("{2150E333-8FDC-42A3-9474-1A3956D46DE8}") = "Global", "Global", "{4D524E0C-E90D-430E-83D5-B9786F5F243A}"
	ProjectSection(SolutionItems) = preProject
		GlobalAssemblyInfo.cs = GlobalAssemblyInfo.cs
	EndProjectSection
EndProject
Global
	GlobalSection(SolutionConfigurationPlatforms) = preSolution
		Debug|Any CPU = Debug|Any CPU
		Release|Any CPU = Release|Any CPU
	EndGlobalSection
	GlobalSection(ProjectConfigurationPlatforms) = postSolution
		{510A1D9E-C531-4A0E-A516-6AA0125E4F9B}.Debug|Any CPU.ActiveCfg = Debug|Any CPU
		{510A1D9E-C531-4A0E-A516-6AA0125E4F9B}.Debug|Any CPU.Build.0 = Debug|Any CPU
		{510A1D9E-C531-4A0E-A516-6AA0125E4F9B}.Release|Any CPU.ActiveCfg = Release|Any CPU
		{510A1D9E-C531-4A0E-A516-6AA0125E4F9B}.Release|Any CPU.Build.0 = Release|Any CPU
		{B98E3FAC-A81E-4737-9522-E18096212B38}.Debug|Any CPU.ActiveCfg = Debug|Any CPU
		{B98E3FAC-A81E-4737-9522-E18096212B38}.Debug|Any CPU.Build.0 = Debug|Any CPU
		{B98E3FAC-A81E-4737-9522-E18096212B38}.Release|Any CPU.ActiveCfg = Release|Any CPU
		{B98E3FAC-A81E-4737-9522-E18096212B38}.Release|Any CPU.Build.0 = Release|Any CPU
		{396E05C3-9AD3-4D1B-8E0B-8C24C6C490EB}.Debug|Any CPU.ActiveCfg = Debug|Any CPU
		{396E05C3-9AD3-4D1B-8E0B-8C24C6C490EB}.Debug|Any CPU.Build.0 = Debug|Any CPU
		{396E05C3-9AD3-4D1B-8E0B-8C24C6C490EB}.Release|Any CPU.ActiveCfg = Release|Any CPU
		{396E05C3-9AD3-4D1B-8E0B-8C24C6C490EB}.Release|Any CPU.Build.0 = Release|Any CPU
		{CAF41CCA-2778-4767-AB50-60205339E60B}.Debug|Any CPU.ActiveCfg = Debug|Any CPU
		{CAF41CCA-2778-4767-AB50-60205339E60B}.Debug|Any CPU.Build.0 = Debug|Any CPU
		{CAF41CCA-2778-4767-AB50-60205339E60B}.Release|Any CPU.ActiveCfg = Release|Any CPU
		{CAF41CCA-2778-4767-AB50-60205339E60B}.Release|Any CPU.Build.0 = Release|Any CPU
	EndGlobalSection
	GlobalSection(SolutionProperties) = preSolution
		HideSolutionNode = FALSE
	EndGlobalSection
	GlobalSection(ExtensibilityGlobals) = postSolution
		SolutionGuid = {B1D02F03-7848-4C41-A907-6236962AB0A0}
	EndGlobalSection
EndGlobal
